
Microsoft Visual Studio Solution File, Format Version 12.00
# Visual Studio Version 17
VisualStudioVersion = 17.0.31912.275
MinimumVisualStudioVersion = 10.0.40219.1
Project("{2150E333-8FDC-42A3-9474-1A3956D46DE8}") = "src", "src", "{A232ABBA-86F6-4EAF-8AED-4ECC34491AB6}"
EndProject
Project("{2150E333-8FDC-42A3-9474-1A3956D46DE8}") = "main", "main", "{50E05C96-78AF-4A56-8691-5C193BAA7564}"
EndProject
Project("{2150E333-8FDC-42A3-9474-1A3956D46DE8}") = "cs", "cs", "{05E57E70-9BA6-4051-B0B9-014F8E88778C}"
EndProject
Project("{9A19103F-16F7-4668-BE54-9A1E7A4F7556}") = "Core", "src\main\cs\Core\Core.csproj", "{E59A4C2F-3BB8-40FF-8026-EA5838D10722}"
EndProject
Project("{2150E333-8FDC-42A3-9474-1A3956D46DE8}") = "test", "test", "{49DEA7EF-C385-40A0-8A18-539016991742}"
EndProject
Project("{2150E333-8FDC-42A3-9474-1A3956D46DE8}") = "cs", "cs", "{41B07E0E-D4CD-48BC-9C3E-ACCA195455FF}"
EndProject
Project("{9A19103F-16F7-4668-BE54-9A1E7A4F7556}") = "Core.Facts", "src\test\cs\Core.Facts\Core.Facts.csproj", "{88F5BF94-AF3A-4333-9078-33789A2936D9}"
EndProject
Project("{2150E333-8FDC-42A3-9474-1A3956D46DE8}") = "deployables", "deployables", "{E327BA3C-59ED-4556-A2DD-8D6183A07D0A}"
EndProject
Project("{2150E333-8FDC-42A3-9474-1A3956D46DE8}") = "Boundaries", "Boundaries", "{53FC8BB2-4B5C-40A1-826F-69AFF96F2F9B}"
EndProject
Project("{9A19103F-16F7-4668-BE54-9A1E7A4F7556}") = "Persistence", "Persistence\Persistence.csproj", "{3B888B70-A4FD-4281-9193-0C769F88180F}"
EndProject
Project("{FAE04EC0-301F-11D3-BF4B-00C04F79EFBC}") = "WebApiExample", "WebApiExample\WebApiExample.csproj", "{A47FEC34-9841-4221-A9BD-B6CE8350037A}"
EndProject
Global
	GlobalSection(SolutionConfigurationPlatforms) = preSolution
		Debug|Any CPU = Debug|Any CPU
		Release|Any CPU = Release|Any CPU
	EndGlobalSection
	GlobalSection(ProjectConfigurationPlatforms) = postSolution
		{E59A4C2F-3BB8-40FF-8026-EA5838D10722}.Debug|Any CPU.ActiveCfg = Debug|Any CPU
		{E59A4C2F-3BB8-40FF-8026-EA5838D10722}.Debug|Any CPU.Build.0 = Debug|Any CPU
		{E59A4C2F-3BB8-40FF-8026-EA5838D10722}.Release|Any CPU.ActiveCfg = Release|Any CPU
		{E59A4C2F-3BB8-40FF-8026-EA5838D10722}.Release|Any CPU.Build.0 = Release|Any CPU
		{88F5BF94-AF3A-4333-9078-33789A2936D9}.Debug|Any CPU.ActiveCfg = Debug|Any CPU
		{88F5BF94-AF3A-4333-9078-33789A2936D9}.Debug|Any CPU.Build.0 = Debug|Any CPU
		{88F5BF94-AF3A-4333-9078-33789A2936D9}.Release|Any CPU.ActiveCfg = Release|Any CPU
		{88F5BF94-AF3A-4333-9078-33789A2936D9}.Release|Any CPU.Build.0 = Release|Any CPU
		{3B888B70-A4FD-4281-9193-0C769F88180F}.Debug|Any CPU.ActiveCfg = Debug|Any CPU
		{3B888B70-A4FD-4281-9193-0C769F88180F}.Debug|Any CPU.Build.0 = Debug|Any CPU
		{3B888B70-A4FD-4281-9193-0C769F88180F}.Release|Any CPU.ActiveCfg = Release|Any CPU
		{3B888B70-A4FD-4281-9193-0C769F88180F}.Release|Any CPU.Build.0 = Release|Any CPU
		{A47FEC34-9841-4221-A9BD-B6CE8350037A}.Debug|Any CPU.ActiveCfg = Debug|Any CPU
		{A47FEC34-9841-4221-A9BD-B6CE8350037A}.Debug|Any CPU.Build.0 = Debug|Any CPU
		{A47FEC34-9841-4221-A9BD-B6CE8350037A}.Release|Any CPU.ActiveCfg = Release|Any CPU
		{A47FEC34-9841-4221-A9BD-B6CE8350037A}.Release|Any CPU.Build.0 = Release|Any CPU
	EndGlobalSection
	GlobalSection(SolutionProperties) = preSolution
		HideSolutionNode = FALSE
	EndGlobalSection
	GlobalSection(NestedProjects) = preSolution
		{50E05C96-78AF-4A56-8691-5C193BAA7564} = {A232ABBA-86F6-4EAF-8AED-4ECC34491AB6}
		{05E57E70-9BA6-4051-B0B9-014F8E88778C} = {50E05C96-78AF-4A56-8691-5C193BAA7564}
		{E59A4C2F-3BB8-40FF-8026-EA5838D10722} = {05E57E70-9BA6-4051-B0B9-014F8E88778C}
		{49DEA7EF-C385-40A0-8A18-539016991742} = {A232ABBA-86F6-4EAF-8AED-4ECC34491AB6}
		{41B07E0E-D4CD-48BC-9C3E-ACCA195455FF} = {49DEA7EF-C385-40A0-8A18-539016991742}
		{88F5BF94-AF3A-4333-9078-33789A2936D9} = {41B07E0E-D4CD-48BC-9C3E-ACCA195455FF}
		{E327BA3C-59ED-4556-A2DD-8D6183A07D0A} = {05E57E70-9BA6-4051-B0B9-014F8E88778C}
		{53FC8BB2-4B5C-40A1-826F-69AFF96F2F9B} = {05E57E70-9BA6-4051-B0B9-014F8E88778C}
		{3B888B70-A4FD-4281-9193-0C769F88180F} = {53FC8BB2-4B5C-40A1-826F-69AFF96F2F9B}
		{A47FEC34-9841-4221-A9BD-B6CE8350037A} = {E327BA3C-59ED-4556-A2DD-8D6183A07D0A}
	EndGlobalSection
	GlobalSection(ExtensibilityGlobals) = postSolution
		SolutionGuid = {B3AB57E1-D685-4A31-92DA-7D4909DAFD59}
	EndGlobalSection
EndGlobal
